
Microsoft Visual Studio Solution File, Format Version 12.00
# Visual Studio Version 17
VisualStudioVersion = 17.0.31903.59
MinimumVisualStudioVersion = 10.0.40219.1
Project("{FAE04EC0-301F-11D3-BF4B-00C04F79EFBC}") = "PreSaleForm.Domain", "PreSaleForm.Domain\PreSaleForm.Domain.csproj", "{A2C2FD39-9226-4772-B93B-6B63C1E69624}"
EndProject
Project("{FAE04EC0-301F-11D3-BF4B-00C04F79EFBC}") = "PreSaleForm.Application", "PreSaleForm.Application\PreSaleForm.Application.csproj", "{1A927704-FC7A-439A-991D-20CF8B82E5A2}"
EndProject
Project("{FAE04EC0-301F-11D3-BF4B-00C04F79EFBC}") = "PreSaleForm.Infrastructure", "PreSaleForm.Infrastructure\PreSaleForm.Infrastructure.csproj", "{8ACCCFA9-CD39-4B00-BD97-E3AA99538D6A}"
EndProject
Project("{FAE04EC0-301F-11D3-BF4B-00C04F79EFBC}") = "PreSaleForm.API", "PreSaleForm.API\PreSaleForm.API.csproj", "{5E9312EB-AEC9-41E6-BC48-8C971BA7E242}"
EndProject
Global
	GlobalSection(SolutionConfigurationPlatforms) = preSolution
		Debug|Any CPU = Debug|Any CPU
		Release|Any CPU = Release|Any CPU
	EndGlobalSection
	GlobalSection(SolutionProperties) = preSolution
		HideSolutionNode = FALSE
	EndGlobalSection
	GlobalSection(ProjectConfigurationPlatforms) = postSolution
		{A2C2FD39-9226-4772-B93B-6B63C1E69624}.Debug|Any CPU.ActiveCfg = Debug|Any CPU
		{A2C2FD39-9226-4772-B93B-6B63C1E69624}.Debug|Any CPU.Build.0 = Debug|Any CPU
		{A2C2FD39-9226-4772-B93B-6B63C1E69624}.Release|Any CPU.ActiveCfg = Release|Any CPU
		{A2C2FD39-9226-4772-B93B-6B63C1E69624}.Release|Any CPU.Build.0 = Release|Any CPU
		{1A927704-FC7A-439A-991D-20CF8B82E5A2}.Debug|Any CPU.ActiveCfg = Debug|Any CPU
		{1A927704-FC7A-439A-991D-20CF8B82E5A2}.Debug|Any CPU.Build.0 = Debug|Any CPU
		{1A927704-FC7A-439A-991D-20CF8B82E5A2}.Release|Any CPU.ActiveCfg = Release|Any CPU
		{1A927704-FC7A-439A-991D-20CF8B82E5A2}.Release|Any CPU.Build.0 = Release|Any CPU
		{8ACCCFA9-CD39-4B00-BD97-E3AA99538D6A}.Debug|Any CPU.ActiveCfg = Debug|Any CPU
		{8ACCCFA9-CD39-4B00-BD97-E3AA99538D6A}.Debug|Any CPU.Build.0 = Debug|Any CPU
		{8ACCCFA9-CD39-4B00-BD97-E3AA99538D6A}.Release|Any CPU.ActiveCfg = Release|Any CPU
		{8ACCCFA9-CD39-4B00-BD97-E3AA99538D6A}.Release|Any CPU.Build.0 = Release|Any CPU
		{5E9312EB-AEC9-41E6-BC48-8C971BA7E242}.Debug|Any CPU.ActiveCfg = Debug|Any CPU
		{5E9312EB-AEC9-41E6-BC48-8C971BA7E242}.Debug|Any CPU.Build.0 = Debug|Any CPU
		{5E9312EB-AEC9-41E6-BC48-8C971BA7E242}.Release|Any CPU.ActiveCfg = Release|Any CPU
		{5E9312EB-AEC9-41E6-BC48-8C971BA7E242}.Release|Any CPU.Build.0 = Release|Any CPU
	EndGlobalSection
EndGlobal
